// !$*UTF8*$!
{
	archiveVersion = 1;
	classes = {
	};
	objectVersion = 50;
	objects = {

/* Begin PBXBuildFile section */
		7727456A26ABC98700AD9D7F /* ride_data.json in Resources */ = {isa = PBXBuildFile; fileRef = 7727456926ABC98700AD9D7F /* ride_data.json */; };
		7727456C26ABDBC200AD9D7F /* SplashView.swift in Sources */ = {isa = PBXBuildFile; fileRef = 7727456B26ABDBC200AD9D7F /* SplashView.swift */; };
		7727456E26ABE90700AD9D7F /* UITableView+Extensions.swift in Sources */ = {isa = PBXBuildFile; fileRef = 7727456D26ABE90700AD9D7F /* UITableView+Extensions.swift */; };
		7727457126ACAF9300AD9D7F /* PinView.swift in Sources */ = {isa = PBXBuildFile; fileRef = 7727457026ACAF9300AD9D7F /* PinView.swift */; };
		7727457426ACB3CF00AD9D7F /* PinPulse.swift in Sources */ = {isa = PBXBuildFile; fileRef = 7727457326ACB3CF00AD9D7F /* PinPulse.swift */; };
		7796E5A226A7B969008919E8 /* AppDelegate.swift in Sources */ = {isa = PBXBuildFile; fileRef = 7796E5A126A7B969008919E8 /* AppDelegate.swift */; };
		7796E5A426A7B969008919E8 /* SceneDelegate.swift in Sources */ = {isa = PBXBuildFile; fileRef = 7796E5A326A7B969008919E8 /* SceneDelegate.swift */; };
		7796E5A626A7B969008919E8 /* ViewController.swift in Sources */ = {isa = PBXBuildFile; fileRef = 7796E5A526A7B969008919E8 /* ViewController.swift */; };
		7796E5A926A7B969008919E8 /* Main.storyboard in Resources */ = {isa = PBXBuildFile; fileRef = 7796E5A726A7B969008919E8 /* Main.storyboard */; };
		7796E5AC26A7B969008919E8 /* HopSkipDrive_Test.xcdatamodeld in Sources */ = {isa = PBXBuildFile; fileRef = 7796E5AA26A7B969008919E8 /* HopSkipDrive_Test.xcdatamodeld */; };
		7796E5AE26A7B96A008919E8 /* Assets.xcassets in Resources */ = {isa = PBXBuildFile; fileRef = 7796E5AD26A7B96A008919E8 /* Assets.xcassets */; };
		7796E5B126A7B96A008919E8 /* LaunchScreen.storyboard in Resources */ = {isa = PBXBuildFile; fileRef = 7796E5AF26A7B96A008919E8 /* LaunchScreen.storyboard */; };
		7796E5BC26A7B96A008919E8 /* HopSkipDrive_TestTests.swift in Sources */ = {isa = PBXBuildFile; fileRef = 7796E5BB26A7B96A008919E8 /* HopSkipDrive_TestTests.swift */; };
		7796E5C726A7B96A008919E8 /* HopSkipDrive_TestUITests.swift in Sources */ = {isa = PBXBuildFile; fileRef = 7796E5C626A7B96A008919E8 /* HopSkipDrive_TestUITests.swift */; };
		7796E5DC26A7E85B008919E8 /* MyRidesViewController.swift in Sources */ = {isa = PBXBuildFile; fileRef = 7796E5DB26A7E85B008919E8 /* MyRidesViewController.swift */; };
		7796E5DE26A7E86A008919E8 /* MyRides.storyboard in Resources */ = {isa = PBXBuildFile; fileRef = 7796E5DD26A7E86A008919E8 /* MyRides.storyboard */; };
		7796E5E226A7EAE5008919E8 /* Api.swift in Sources */ = {isa = PBXBuildFile; fileRef = 7796E5E126A7EAE5008919E8 /* Api.swift */; };
		7796E5E426A7EB0A008919E8 /* RidesApi.swift in Sources */ = {isa = PBXBuildFile; fileRef = 7796E5E326A7EB0A008919E8 /* RidesApi.swift */; };
		7796E5E826A7EEC0008919E8 /* String+Extensions.swift in Sources */ = {isa = PBXBuildFile; fileRef = 7796E5E726A7EEC0008919E8 /* String+Extensions.swift */; };
		7796E5EB26A7F015008919E8 /* Ride.swift in Sources */ = {isa = PBXBuildFile; fileRef = 7796E5EA26A7F015008919E8 /* Ride.swift */; };
		7796E5EE26A7F276008919E8 /* Waypoint.swift in Sources */ = {isa = PBXBuildFile; fileRef = 7796E5ED26A7F276008919E8 /* Waypoint.swift */; };
		7796E5F026A7F2A2008919E8 /* Passenger.swift in Sources */ = {isa = PBXBuildFile; fileRef = 7796E5EF26A7F2A2008919E8 /* Passenger.swift */; };
		7796E5F226A7F3BB008919E8 /* Location.swift in Sources */ = {isa = PBXBuildFile; fileRef = 7796E5F126A7F3BB008919E8 /* Location.swift */; };
		7796E5F526A89E44008919E8 /* MyRideTableViewCell.swift in Sources */ = {isa = PBXBuildFile; fileRef = 7796E5F426A89E44008919E8 /* MyRideTableViewCell.swift */; };
		7796E5F726A8CDBE008919E8 /* Int+Extensions.swift in Sources */ = {isa = PBXBuildFile; fileRef = 7796E5F626A8CDBE008919E8 /* Int+Extensions.swift */; };
		7796E5FA26A8F958008919E8 /* RideHeaderView.swift in Sources */ = {isa = PBXBuildFile; fileRef = 7796E5F926A8F958008919E8 /* RideHeaderView.swift */; };
		7796E60026A91817008919E8 /* RideDetails.storyboard in Resources */ = {isa = PBXBuildFile; fileRef = 7796E5FF26A91817008919E8 /* RideDetails.storyboard */; };
		7796E60226A9182F008919E8 /* RideDetailsViewController.swift in Sources */ = {isa = PBXBuildFile; fileRef = 7796E60126A9182F008919E8 /* RideDetailsViewController.swift */; };
		7796E60526A91FEA008919E8 /* PaddingLabel.swift in Sources */ = {isa = PBXBuildFile; fileRef = 7796E60426A91FEA008919E8 /* PaddingLabel.swift */; };
		7796E60826A92D1C008919E8 /* RideDetailTableViewCell.swift in Sources */ = {isa = PBXBuildFile; fileRef = 7796E60726A92D1C008919E8 /* RideDetailTableViewCell.swift */; };
/* End PBXBuildFile section */

/* Begin PBXContainerItemProxy section */
		7796E5B826A7B96A008919E8 /* PBXContainerItemProxy */ = {
			isa = PBXContainerItemProxy;
			containerPortal = 7796E59626A7B969008919E8 /* Project object */;
			proxyType = 1;
			remoteGlobalIDString = 7796E59D26A7B969008919E8;
			remoteInfo = "HopSkipDrive Test";
		};
		7796E5C326A7B96A008919E8 /* PBXContainerItemProxy */ = {
			isa = PBXContainerItemProxy;
			containerPortal = 7796E59626A7B969008919E8 /* Project object */;
			proxyType = 1;
			remoteGlobalIDString = 7796E59D26A7B969008919E8;
			remoteInfo = "HopSkipDrive Test";
		};
/* End PBXContainerItemProxy section */

/* Begin PBXFileReference section */
		7727456926ABC98700AD9D7F /* ride_data.json */ = {isa = PBXFileReference; lastKnownFileType = text.json; path = ride_data.json; sourceTree = "<group>"; };
		7727456B26ABDBC200AD9D7F /* SplashView.swift */ = {isa = PBXFileReference; lastKnownFileType = sourcecode.swift; path = SplashView.swift; sourceTree = "<group>"; };
		7727456D26ABE90700AD9D7F /* UITableView+Extensions.swift */ = {isa = PBXFileReference; lastKnownFileType = sourcecode.swift; path = "UITableView+Extensions.swift"; sourceTree = "<group>"; };
		7727457026ACAF9300AD9D7F /* PinView.swift */ = {isa = PBXFileReference; lastKnownFileType = sourcecode.swift; path = PinView.swift; sourceTree = "<group>"; };
		7727457326ACB3CF00AD9D7F /* PinPulse.swift */ = {isa = PBXFileReference; lastKnownFileType = sourcecode.swift; path = PinPulse.swift; sourceTree = "<group>"; };
		7796E59E26A7B969008919E8 /* HopSkipDrive Test.app */ = {isa = PBXFileReference; explicitFileType = wrapper.application; includeInIndex = 0; path = "HopSkipDrive Test.app"; sourceTree = BUILT_PRODUCTS_DIR; };
		7796E5A126A7B969008919E8 /* AppDelegate.swift */ = {isa = PBXFileReference; lastKnownFileType = sourcecode.swift; path = AppDelegate.swift; sourceTree = "<group>"; };
		7796E5A326A7B969008919E8 /* SceneDelegate.swift */ = {isa = PBXFileReference; lastKnownFileType = sourcecode.swift; path = SceneDelegate.swift; sourceTree = "<group>"; };
		7796E5A526A7B969008919E8 /* ViewController.swift */ = {isa = PBXFileReference; lastKnownFileType = sourcecode.swift; path = ViewController.swift; sourceTree = "<group>"; };
		7796E5A826A7B969008919E8 /* Base */ = {isa = PBXFileReference; lastKnownFileType = file.storyboard; name = Base; path = Base.lproj/Main.storyboard; sourceTree = "<group>"; };
		7796E5AB26A7B969008919E8 /* HopSkipDrive_Test.xcdatamodel */ = {isa = PBXFileReference; lastKnownFileType = wrapper.xcdatamodel; path = HopSkipDrive_Test.xcdatamodel; sourceTree = "<group>"; };
		7796E5AD26A7B96A008919E8 /* Assets.xcassets */ = {isa = PBXFileReference; lastKnownFileType = folder.assetcatalog; path = Assets.xcassets; sourceTree = "<group>"; };
		7796E5B026A7B96A008919E8 /* Base */ = {isa = PBXFileReference; lastKnownFileType = file.storyboard; name = Base; path = Base.lproj/LaunchScreen.storyboard; sourceTree = "<group>"; };
		7796E5B226A7B96A008919E8 /* Info.plist */ = {isa = PBXFileReference; lastKnownFileType = text.plist.xml; path = Info.plist; sourceTree = "<group>"; };
		7796E5B726A7B96A008919E8 /* HopSkipDrive TestTests.xctest */ = {isa = PBXFileReference; explicitFileType = wrapper.cfbundle; includeInIndex = 0; path = "HopSkipDrive TestTests.xctest"; sourceTree = BUILT_PRODUCTS_DIR; };
		7796E5BB26A7B96A008919E8 /* HopSkipDrive_TestTests.swift */ = {isa = PBXFileReference; lastKnownFileType = sourcecode.swift; path = HopSkipDrive_TestTests.swift; sourceTree = "<group>"; };
		7796E5BD26A7B96A008919E8 /* Info.plist */ = {isa = PBXFileReference; lastKnownFileType = text.plist.xml; path = Info.plist; sourceTree = "<group>"; };
		7796E5C226A7B96A008919E8 /* HopSkipDrive TestUITests.xctest */ = {isa = PBXFileReference; explicitFileType = wrapper.cfbundle; includeInIndex = 0; path = "HopSkipDrive TestUITests.xctest"; sourceTree = BUILT_PRODUCTS_DIR; };
		7796E5C626A7B96A008919E8 /* HopSkipDrive_TestUITests.swift */ = {isa = PBXFileReference; lastKnownFileType = sourcecode.swift; path = HopSkipDrive_TestUITests.swift; sourceTree = "<group>"; };
		7796E5C826A7B96A008919E8 /* Info.plist */ = {isa = PBXFileReference; lastKnownFileType = text.plist.xml; path = Info.plist; sourceTree = "<group>"; };
		7796E5DB26A7E85B008919E8 /* MyRidesViewController.swift */ = {isa = PBXFileReference; lastKnownFileType = sourcecode.swift; path = MyRidesViewController.swift; sourceTree = "<group>"; };
		7796E5DD26A7E86A008919E8 /* MyRides.storyboard */ = {isa = PBXFileReference; lastKnownFileType = file.storyboard; path = MyRides.storyboard; sourceTree = "<group>"; };
		7796E5E126A7EAE5008919E8 /* Api.swift */ = {isa = PBXFileReference; lastKnownFileType = sourcecode.swift; path = Api.swift; sourceTree = "<group>"; };
		7796E5E326A7EB0A008919E8 /* RidesApi.swift */ = {isa = PBXFileReference; lastKnownFileType = sourcecode.swift; path = RidesApi.swift; sourceTree = "<group>"; };
		7796E5E726A7EEC0008919E8 /* String+Extensions.swift */ = {isa = PBXFileReference; lastKnownFileType = sourcecode.swift; path = "String+Extensions.swift"; sourceTree = "<group>"; };
		7796E5EA26A7F015008919E8 /* Ride.swift */ = {isa = PBXFileReference; lastKnownFileType = sourcecode.swift; path = Ride.swift; sourceTree = "<group>"; };
		7796E5ED26A7F276008919E8 /* Waypoint.swift */ = {isa = PBXFileReference; lastKnownFileType = sourcecode.swift; path = Waypoint.swift; sourceTree = "<group>"; };
		7796E5EF26A7F2A2008919E8 /* Passenger.swift */ = {isa = PBXFileReference; lastKnownFileType = sourcecode.swift; path = Passenger.swift; sourceTree = "<group>"; };
		7796E5F126A7F3BB008919E8 /* Location.swift */ = {isa = PBXFileReference; lastKnownFileType = sourcecode.swift; path = Location.swift; sourceTree = "<group>"; };
		7796E5F426A89E44008919E8 /* MyRideTableViewCell.swift */ = {isa = PBXFileReference; lastKnownFileType = sourcecode.swift; path = MyRideTableViewCell.swift; sourceTree = "<group>"; };
		7796E5F626A8CDBE008919E8 /* Int+Extensions.swift */ = {isa = PBXFileReference; lastKnownFileType = sourcecode.swift; path = "Int+Extensions.swift"; sourceTree = "<group>"; };
		7796E5F926A8F958008919E8 /* RideHeaderView.swift */ = {isa = PBXFileReference; lastKnownFileType = sourcecode.swift; path = RideHeaderView.swift; sourceTree = "<group>"; };
		7796E5FF26A91817008919E8 /* RideDetails.storyboard */ = {isa = PBXFileReference; lastKnownFileType = file.storyboard; path = RideDetails.storyboard; sourceTree = "<group>"; };
		7796E60126A9182F008919E8 /* RideDetailsViewController.swift */ = {isa = PBXFileReference; lastKnownFileType = sourcecode.swift; path = RideDetailsViewController.swift; sourceTree = "<group>"; };
		7796E60426A91FEA008919E8 /* PaddingLabel.swift */ = {isa = PBXFileReference; lastKnownFileType = sourcecode.swift; path = PaddingLabel.swift; sourceTree = "<group>"; };
		7796E60726A92D1C008919E8 /* RideDetailTableViewCell.swift */ = {isa = PBXFileReference; lastKnownFileType = sourcecode.swift; path = RideDetailTableViewCell.swift; sourceTree = "<group>"; };
/* End PBXFileReference section */

/* Begin PBXFrameworksBuildPhase section */
		7796E59B26A7B969008919E8 /* Frameworks */ = {
			isa = PBXFrameworksBuildPhase;
			buildActionMask = 2147483647;
			files = (
			);
			runOnlyForDeploymentPostprocessing = 0;
		};
		7796E5B426A7B96A008919E8 /* Frameworks */ = {
			isa = PBXFrameworksBuildPhase;
			buildActionMask = 2147483647;
			files = (
			);
			runOnlyForDeploymentPostprocessing = 0;
		};
		7796E5BF26A7B96A008919E8 /* Frameworks */ = {
			isa = PBXFrameworksBuildPhase;
			buildActionMask = 2147483647;
			files = (
			);
			runOnlyForDeploymentPostprocessing = 0;
		};
/* End PBXFrameworksBuildPhase section */

/* Begin PBXGroup section */
		7727457226ACB3B700AD9D7F /* Layers */ = {
			isa = PBXGroup;
			children = (
				7727457326ACB3CF00AD9D7F /* PinPulse.swift */,
			);
			path = Layers;
			sourceTree = "<group>";
		};
		7796E59526A7B969008919E8 = {
			isa = PBXGroup;
			children = (
				7796E5A026A7B969008919E8 /* HopSkipDrive Test */,
				7796E5BA26A7B96A008919E8 /* HopSkipDrive TestTests */,
				7796E5C526A7B96A008919E8 /* HopSkipDrive TestUITests */,
				7796E59F26A7B969008919E8 /* Products */,
			);
			sourceTree = "<group>";
		};
		7796E59F26A7B969008919E8 /* Products */ = {
			isa = PBXGroup;
			children = (
				7796E59E26A7B969008919E8 /* HopSkipDrive Test.app */,
				7796E5B726A7B96A008919E8 /* HopSkipDrive TestTests.xctest */,
				7796E5C226A7B96A008919E8 /* HopSkipDrive TestUITests.xctest */,
			);
			name = Products;
			sourceTree = "<group>";
		};
		7796E5A026A7B969008919E8 /* HopSkipDrive Test */ = {
			isa = PBXGroup;
			children = (
				7796E5E926A7EFE0008919E8 /* Models */,
				7796E5DF26A7EAC4008919E8 /* Utilities */,
				7796E5D526A7B9BE008919E8 /* Modules */,
				7796E5A126A7B969008919E8 /* AppDelegate.swift */,
				7796E5A326A7B969008919E8 /* SceneDelegate.swift */,
				7796E5AD26A7B96A008919E8 /* Assets.xcassets */,
				7796E5AF26A7B96A008919E8 /* LaunchScreen.storyboard */,
				7796E5B226A7B96A008919E8 /* Info.plist */,
				7796E5AA26A7B969008919E8 /* HopSkipDrive_Test.xcdatamodeld */,
			);
			path = "HopSkipDrive Test";
			sourceTree = "<group>";
		};
		7796E5BA26A7B96A008919E8 /* HopSkipDrive TestTests */ = {
			isa = PBXGroup;
			children = (
				7727456926ABC98700AD9D7F /* ride_data.json */,
				7796E5BB26A7B96A008919E8 /* HopSkipDrive_TestTests.swift */,
				7796E5BD26A7B96A008919E8 /* Info.plist */,
			);
			path = "HopSkipDrive TestTests";
			sourceTree = "<group>";
		};
		7796E5C526A7B96A008919E8 /* HopSkipDrive TestUITests */ = {
			isa = PBXGroup;
			children = (
				7796E5C626A7B96A008919E8 /* HopSkipDrive_TestUITests.swift */,
				7796E5C826A7B96A008919E8 /* Info.plist */,
			);
			path = "HopSkipDrive TestUITests";
			sourceTree = "<group>";
		};
		7796E5D426A7B9B1008919E8 /* Main */ = {
			isa = PBXGroup;
			children = (
				7796E5D726A7E7EE008919E8 /* Controller */,
				7796E5D826A7E7F6008919E8 /* Storyboard */,
			);
			path = Main;
			sourceTree = "<group>";
		};
		7796E5D526A7B9BE008919E8 /* Modules */ = {
			isa = PBXGroup;
			children = (
				7796E5FC26A917E8008919E8 /* RideDetails */,
				7796E5D626A7C859008919E8 /* Rides */,
				7796E5D426A7B9B1008919E8 /* Main */,
			);
			path = Modules;
			sourceTree = "<group>";
		};
		7796E5D626A7C859008919E8 /* Rides */ = {
			isa = PBXGroup;
			children = (
				7796E5F326A89E30008919E8 /* Cell */,
				7796E5DA26A7E81D008919E8 /* Storyboard */,
				7796E5D926A7E817008919E8 /* Controller */,
				7796E5FB26A90B41008919E8 /* View */,
			);
			path = Rides;
			sourceTree = "<group>";
		};
		7796E5D726A7E7EE008919E8 /* Controller */ = {
			isa = PBXGroup;
			children = (
				7796E5A526A7B969008919E8 /* ViewController.swift */,
			);
			path = Controller;
			sourceTree = "<group>";
		};
		7796E5D826A7E7F6008919E8 /* Storyboard */ = {
			isa = PBXGroup;
			children = (
				7796E5A726A7B969008919E8 /* Main.storyboard */,
			);
			path = Storyboard;
			sourceTree = "<group>";
		};
		7796E5D926A7E817008919E8 /* Controller */ = {
			isa = PBXGroup;
			children = (
				7796E5DB26A7E85B008919E8 /* MyRidesViewController.swift */,
			);
			path = Controller;
			sourceTree = "<group>";
		};
		7796E5DA26A7E81D008919E8 /* Storyboard */ = {
			isa = PBXGroup;
			children = (
				7796E5DD26A7E86A008919E8 /* MyRides.storyboard */,
			);
			path = Storyboard;
			sourceTree = "<group>";
		};
		7796E5DF26A7EAC4008919E8 /* Utilities */ = {
			isa = PBXGroup;
			children = (
				7727457226ACB3B700AD9D7F /* Layers */,
				7796E60326A91FD6008919E8 /* Views */,
				7796E5E526A7EE3F008919E8 /* Extensions */,
				7796E5E026A7EACA008919E8 /* Network */,
			);
			path = Utilities;
			sourceTree = "<group>";
		};
		7796E5E026A7EACA008919E8 /* Network */ = {
			isa = PBXGroup;
			children = (
				7796E5E126A7EAE5008919E8 /* Api.swift */,
				7796E5E326A7EB0A008919E8 /* RidesApi.swift */,
			);
			path = Network;
			sourceTree = "<group>";
		};
		7796E5E526A7EE3F008919E8 /* Extensions */ = {
			isa = PBXGroup;
			children = (
				7796E5E726A7EEC0008919E8 /* String+Extensions.swift */,
				7796E5F626A8CDBE008919E8 /* Int+Extensions.swift */,
				7727456D26ABE90700AD9D7F /* UITableView+Extensions.swift */,
			);
			path = Extensions;
			sourceTree = "<group>";
		};
		7796E5E926A7EFE0008919E8 /* Models */ = {
			isa = PBXGroup;
			children = (
				7796E5EA26A7F015008919E8 /* Ride.swift */,
				7796E5ED26A7F276008919E8 /* Waypoint.swift */,
				7796E5EF26A7F2A2008919E8 /* Passenger.swift */,
				7796E5F126A7F3BB008919E8 /* Location.swift */,
			);
			path = Models;
			sourceTree = "<group>";
		};
		7796E5F326A89E30008919E8 /* Cell */ = {
			isa = PBXGroup;
			children = (
				7796E5F426A89E44008919E8 /* MyRideTableViewCell.swift */,
			);
			path = Cell;
			sourceTree = "<group>";
		};
		7796E5FB26A90B41008919E8 /* View */ = {
			isa = PBXGroup;
			children = (
				7796E5F926A8F958008919E8 /* RideHeaderView.swift */,
			);
			path = View;
			sourceTree = "<group>";
		};
		7796E5FC26A917E8008919E8 /* RideDetails */ = {
			isa = PBXGroup;
			children = (
				7796E60626A92D04008919E8 /* Cell */,
				7796E5FE26A917F9008919E8 /* Storyboard */,
				7796E5FD26A917F0008919E8 /* Controller */,
			);
			path = RideDetails;
			sourceTree = "<group>";
		};
		7796E5FD26A917F0008919E8 /* Controller */ = {
			isa = PBXGroup;
			children = (
				7796E60126A9182F008919E8 /* RideDetailsViewController.swift */,
			);
			path = Controller;
			sourceTree = "<group>";
		};
		7796E5FE26A917F9008919E8 /* Storyboard */ = {
			isa = PBXGroup;
			children = (
				7796E5FF26A91817008919E8 /* RideDetails.storyboard */,
			);
			path = Storyboard;
			sourceTree = "<group>";
		};
		7796E60326A91FD6008919E8 /* Views */ = {
			isa = PBXGroup;
			children = (
				7796E60426A91FEA008919E8 /* PaddingLabel.swift */,
				7727456B26ABDBC200AD9D7F /* SplashView.swift */,
				7727457026ACAF9300AD9D7F /* PinView.swift */,
			);
			path = Views;
			sourceTree = "<group>";
		};
		7796E60626A92D04008919E8 /* Cell */ = {
			isa = PBXGroup;
			children = (
				7796E60726A92D1C008919E8 /* RideDetailTableViewCell.swift */,
			);
			path = Cell;
			sourceTree = "<group>";
		};
/* End PBXGroup section */

/* Begin PBXNativeTarget section */
		7796E59D26A7B969008919E8 /* HopSkipDrive Test */ = {
			isa = PBXNativeTarget;
			buildConfigurationList = 7796E5CB26A7B96A008919E8 /* Build configuration list for PBXNativeTarget "HopSkipDrive Test" */;
			buildPhases = (
				7796E59A26A7B969008919E8 /* Sources */,
				7796E59B26A7B969008919E8 /* Frameworks */,
				7796E59C26A7B969008919E8 /* Resources */,
			);
			buildRules = (
			);
			dependencies = (
			);
			name = "HopSkipDrive Test";
			productName = "HopSkipDrive Test";
			productReference = 7796E59E26A7B969008919E8 /* HopSkipDrive Test.app */;
			productType = "com.apple.product-type.application";
		};
		7796E5B626A7B96A008919E8 /* HopSkipDrive TestTests */ = {
			isa = PBXNativeTarget;
			buildConfigurationList = 7796E5CE26A7B96A008919E8 /* Build configuration list for PBXNativeTarget "HopSkipDrive TestTests" */;
			buildPhases = (
				7796E5B326A7B96A008919E8 /* Sources */,
				7796E5B426A7B96A008919E8 /* Frameworks */,
				7796E5B526A7B96A008919E8 /* Resources */,
			);
			buildRules = (
			);
			dependencies = (
				7796E5B926A7B96A008919E8 /* PBXTargetDependency */,
			);
			name = "HopSkipDrive TestTests";
			productName = "HopSkipDrive TestTests";
			productReference = 7796E5B726A7B96A008919E8 /* HopSkipDrive TestTests.xctest */;
			productType = "com.apple.product-type.bundle.unit-test";
		};
		7796E5C126A7B96A008919E8 /* HopSkipDrive TestUITests */ = {
			isa = PBXNativeTarget;
			buildConfigurationList = 7796E5D126A7B96A008919E8 /* Build configuration list for PBXNativeTarget "HopSkipDrive TestUITests" */;
			buildPhases = (
				7796E5BE26A7B96A008919E8 /* Sources */,
				7796E5BF26A7B96A008919E8 /* Frameworks */,
				7796E5C026A7B96A008919E8 /* Resources */,
			);
			buildRules = (
			);
			dependencies = (
				7796E5C426A7B96A008919E8 /* PBXTargetDependency */,
			);
			name = "HopSkipDrive TestUITests";
			productName = "HopSkipDrive TestUITests";
			productReference = 7796E5C226A7B96A008919E8 /* HopSkipDrive TestUITests.xctest */;
			productType = "com.apple.product-type.bundle.ui-testing";
		};
/* End PBXNativeTarget section */

/* Begin PBXProject section */
		7796E59626A7B969008919E8 /* Project object */ = {
			isa = PBXProject;
			attributes = {
				LastSwiftUpdateCheck = 1250;
				LastUpgradeCheck = 1250;
				TargetAttributes = {
					7796E59D26A7B969008919E8 = {
						CreatedOnToolsVersion = 12.5.1;
					};
					7796E5B626A7B96A008919E8 = {
						CreatedOnToolsVersion = 12.5.1;
						TestTargetID = 7796E59D26A7B969008919E8;
					};
					7796E5C126A7B96A008919E8 = {
						CreatedOnToolsVersion = 12.5.1;
						TestTargetID = 7796E59D26A7B969008919E8;
					};
				};
			};
			buildConfigurationList = 7796E59926A7B969008919E8 /* Build configuration list for PBXProject "HopSkipDrive Test" */;
			compatibilityVersion = "Xcode 9.3";
			developmentRegion = en;
			hasScannedForEncodings = 0;
			knownRegions = (
				en,
				Base,
			);
			mainGroup = 7796E59526A7B969008919E8;
			productRefGroup = 7796E59F26A7B969008919E8 /* Products */;
			projectDirPath = "";
			projectRoot = "";
			targets = (
				7796E59D26A7B969008919E8 /* HopSkipDrive Test */,
				7796E5B626A7B96A008919E8 /* HopSkipDrive TestTests */,
				7796E5C126A7B96A008919E8 /* HopSkipDrive TestUITests */,
			);
		};
/* End PBXProject section */

/* Begin PBXResourcesBuildPhase section */
		7796E59C26A7B969008919E8 /* Resources */ = {
			isa = PBXResourcesBuildPhase;
			buildActionMask = 2147483647;
			files = (
				7796E5B126A7B96A008919E8 /* LaunchScreen.storyboard in Resources */,
				7727456A26ABC98700AD9D7F /* ride_data.json in Resources */,
				7796E5AE26A7B96A008919E8 /* Assets.xcassets in Resources */,
				7796E5DE26A7E86A008919E8 /* MyRides.storyboard in Resources */,
				7796E5A926A7B969008919E8 /* Main.storyboard in Resources */,
				7796E60026A91817008919E8 /* RideDetails.storyboard in Resources */,
			);
			runOnlyForDeploymentPostprocessing = 0;
		};
		7796E5B526A7B96A008919E8 /* Resources */ = {
			isa = PBXResourcesBuildPhase;
			buildActionMask = 2147483647;
			files = (
			);
			runOnlyForDeploymentPostprocessing = 0;
		};
		7796E5C026A7B96A008919E8 /* Resources */ = {
			isa = PBXResourcesBuildPhase;
			buildActionMask = 2147483647;
			files = (
			);
			runOnlyForDeploymentPostprocessing = 0;
		};
/* End PBXResourcesBuildPhase section */

/* Begin PBXSourcesBuildPhase section */
		7796E59A26A7B969008919E8 /* Sources */ = {
			isa = PBXSourcesBuildPhase;
			buildActionMask = 2147483647;
			files = (
				7796E5EB26A7F015008919E8 /* Ride.swift in Sources */,
				7796E5E226A7EAE5008919E8 /* Api.swift in Sources */,
				7727457126ACAF9300AD9D7F /* PinView.swift in Sources */,
				7796E5FA26A8F958008919E8 /* RideHeaderView.swift in Sources */,
				7796E60226A9182F008919E8 /* RideDetailsViewController.swift in Sources */,
				7796E5DC26A7E85B008919E8 /* MyRidesViewController.swift in Sources */,
				7796E5F526A89E44008919E8 /* MyRideTableViewCell.swift in Sources */,
				7796E5EE26A7F276008919E8 /* Waypoint.swift in Sources */,
				7796E5F026A7F2A2008919E8 /* Passenger.swift in Sources */,
				7796E5A626A7B969008919E8 /* ViewController.swift in Sources */,
				7796E5AC26A7B969008919E8 /* HopSkipDrive_Test.xcdatamodeld in Sources */,
				7796E5E826A7EEC0008919E8 /* String+Extensions.swift in Sources */,
				7796E60526A91FEA008919E8 /* PaddingLabel.swift in Sources */,
				7796E5A226A7B969008919E8 /* AppDelegate.swift in Sources */,
				7727456C26ABDBC200AD9D7F /* SplashView.swift in Sources */,
				7796E5A426A7B969008919E8 /* SceneDelegate.swift in Sources */,
				7727456E26ABE90700AD9D7F /* UITableView+Extensions.swift in Sources */,
				7796E60826A92D1C008919E8 /* RideDetailTableViewCell.swift in Sources */,
				7796E5F726A8CDBE008919E8 /* Int+Extensions.swift in Sources */,
				7727457426ACB3CF00AD9D7F /* PinPulse.swift in Sources */,
				7796E5F226A7F3BB008919E8 /* Location.swift in Sources */,
				7796E5E426A7EB0A008919E8 /* RidesApi.swift in Sources */,
			);
			runOnlyForDeploymentPostprocessing = 0;
		};
		7796E5B326A7B96A008919E8 /* Sources */ = {
			isa = PBXSourcesBuildPhase;
			buildActionMask = 2147483647;
			files = (
				7796E5BC26A7B96A008919E8 /* HopSkipDrive_TestTests.swift in Sources */,
			);
			runOnlyForDeploymentPostprocessing = 0;
		};
		7796E5BE26A7B96A008919E8 /* Sources */ = {
			isa = PBXSourcesBuildPhase;
			buildActionMask = 2147483647;
			files = (
				7796E5C726A7B96A008919E8 /* HopSkipDrive_TestUITests.swift in Sources */,
			);
			runOnlyForDeploymentPostprocessing = 0;
		};
/* End PBXSourcesBuildPhase section */

/* Begin PBXTargetDependency section */
		7796E5B926A7B96A008919E8 /* PBXTargetDependency */ = {
			isa = PBXTargetDependency;
			target = 7796E59D26A7B969008919E8 /* HopSkipDrive Test */;
			targetProxy = 7796E5B826A7B96A008919E8 /* PBXContainerItemProxy */;
		};
		7796E5C426A7B96A008919E8 /* PBXTargetDependency */ = {
			isa = PBXTargetDependency;
			target = 7796E59D26A7B969008919E8 /* HopSkipDrive Test */;
			targetProxy = 7796E5C326A7B96A008919E8 /* PBXContainerItemProxy */;
		};
/* End PBXTargetDependency section */

/* Begin PBXVariantGroup section */
		7796E5A726A7B969008919E8 /* Main.storyboard */ = {
			isa = PBXVariantGroup;
			children = (
				7796E5A826A7B969008919E8 /* Base */,
			);
			name = Main.storyboard;
			sourceTree = "<group>";
		};
		7796E5AF26A7B96A008919E8 /* LaunchScreen.storyboard */ = {
			isa = PBXVariantGroup;
			children = (
				7796E5B026A7B96A008919E8 /* Base */,
			);
			name = LaunchScreen.storyboard;
			sourceTree = "<group>";
		};
/* End PBXVariantGroup section */

/* Begin XCBuildConfiguration section */
		7796E5C926A7B96A008919E8 /* Debug */ = {
			isa = XCBuildConfiguration;
			buildSettings = {
				ALWAYS_SEARCH_USER_PATHS = NO;
				CLANG_ANALYZER_NONNULL = YES;
				CLANG_ANALYZER_NUMBER_OBJECT_CONVERSION = YES_AGGRESSIVE;
				CLANG_CXX_LANGUAGE_STANDARD = "gnu++14";
				CLANG_CXX_LIBRARY = "libc++";
				CLANG_ENABLE_MODULES = YES;
				CLANG_ENABLE_OBJC_ARC = YES;
				CLANG_ENABLE_OBJC_WEAK = YES;
				CLANG_WARN_BLOCK_CAPTURE_AUTORELEASING = YES;
				CLANG_WARN_BOOL_CONVERSION = YES;
				CLANG_WARN_COMMA = YES;
				CLANG_WARN_CONSTANT_CONVERSION = YES;
				CLANG_WARN_DEPRECATED_OBJC_IMPLEMENTATIONS = YES;
				CLANG_WARN_DIRECT_OBJC_ISA_USAGE = YES_ERROR;
				CLANG_WARN_DOCUMENTATION_COMMENTS = YES;
				CLANG_WARN_EMPTY_BODY = YES;
				CLANG_WARN_ENUM_CONVERSION = YES;
				CLANG_WARN_INFINITE_RECURSION = YES;
				CLANG_WARN_INT_CONVERSION = YES;
				CLANG_WARN_NON_LITERAL_NULL_CONVERSION = YES;
				CLANG_WARN_OBJC_IMPLICIT_RETAIN_SELF = YES;
				CLANG_WARN_OBJC_LITERAL_CONVERSION = YES;
				CLANG_WARN_OBJC_ROOT_CLASS = YES_ERROR;
				CLANG_WARN_QUOTED_INCLUDE_IN_FRAMEWORK_HEADER = YES;
				CLANG_WARN_RANGE_LOOP_ANALYSIS = YES;
				CLANG_WARN_STRICT_PROTOTYPES = YES;
				CLANG_WARN_SUSPICIOUS_MOVE = YES;
				CLANG_WARN_UNGUARDED_AVAILABILITY = YES_AGGRESSIVE;
				CLANG_WARN_UNREACHABLE_CODE = YES;
				CLANG_WARN__DUPLICATE_METHOD_MATCH = YES;
				COPY_PHASE_STRIP = NO;
				DEBUG_INFORMATION_FORMAT = dwarf;
				ENABLE_STRICT_OBJC_MSGSEND = YES;
				ENABLE_TESTABILITY = YES;
				GCC_C_LANGUAGE_STANDARD = gnu11;
				GCC_DYNAMIC_NO_PIC = NO;
				GCC_NO_COMMON_BLOCKS = YES;
				GCC_OPTIMIZATION_LEVEL = 0;
				GCC_PREPROCESSOR_DEFINITIONS = (
					"DEBUG=1",
					"$(inherited)",
				);
				GCC_WARN_64_TO_32_BIT_CONVERSION = YES;
				GCC_WARN_ABOUT_RETURN_TYPE = YES_ERROR;
				GCC_WARN_UNDECLARED_SELECTOR = YES;
				GCC_WARN_UNINITIALIZED_AUTOS = YES_AGGRESSIVE;
				GCC_WARN_UNUSED_FUNCTION = YES;
				GCC_WARN_UNUSED_VARIABLE = YES;
				IPHONEOS_DEPLOYMENT_TARGET = 14.5;
				MTL_ENABLE_DEBUG_INFO = INCLUDE_SOURCE;
				MTL_FAST_MATH = YES;
				ONLY_ACTIVE_ARCH = YES;
				SDKROOT = iphoneos;
				SWIFT_ACTIVE_COMPILATION_CONDITIONS = DEBUG;
				SWIFT_OPTIMIZATION_LEVEL = "-Onone";
			};
			name = Debug;
		};
		7796E5CA26A7B96A008919E8 /* Release */ = {
			isa = XCBuildConfiguration;
			buildSettings = {
				ALWAYS_SEARCH_USER_PATHS = NO;
				CLANG_ANALYZER_NONNULL = YES;
				CLANG_ANALYZER_NUMBER_OBJECT_CONVERSION = YES_AGGRESSIVE;
				CLANG_CXX_LANGUAGE_STANDARD = "gnu++14";
				CLANG_CXX_LIBRARY = "libc++";
				CLANG_ENABLE_MODULES = YES;
				CLANG_ENABLE_OBJC_ARC = YES;
				CLANG_ENABLE_OBJC_WEAK = YES;
				CLANG_WARN_BLOCK_CAPTURE_AUTORELEASING = YES;
				CLANG_WARN_BOOL_CONVERSION = YES;
				CLANG_WARN_COMMA = YES;
				CLANG_WARN_CONSTANT_CONVERSION = YES;
				CLANG_WARN_DEPRECATED_OBJC_IMPLEMENTATIONS = YES;
				CLANG_WARN_DIRECT_OBJC_ISA_USAGE = YES_ERROR;
				CLANG_WARN_DOCUMENTATION_COMMENTS = YES;
				CLANG_WARN_EMPTY_BODY = YES;
				CLANG_WARN_ENUM_CONVERSION = YES;
				CLANG_WARN_INFINITE_RECURSION = YES;
				CLANG_WARN_INT_CONVERSION = YES;
				CLANG_WARN_NON_LITERAL_NULL_CONVERSION = YES;
				CLANG_WARN_OBJC_IMPLICIT_RETAIN_SELF = YES;
				CLANG_WARN_OBJC_LITERAL_CONVERSION = YES;
				CLANG_WARN_OBJC_ROOT_CLASS = YES_ERROR;
				CLANG_WARN_QUOTED_INCLUDE_IN_FRAMEWORK_HEADER = YES;
				CLANG_WARN_RANGE_LOOP_ANALYSIS = YES;
				CLANG_WARN_STRICT_PROTOTYPES = YES;
				CLANG_WARN_SUSPICIOUS_MOVE = YES;
				CLANG_WARN_UNGUARDED_AVAILABILITY = YES_AGGRESSIVE;
				CLANG_WARN_UNREACHABLE_CODE = YES;
				CLANG_WARN__DUPLICATE_METHOD_MATCH = YES;
				COPY_PHASE_STRIP = NO;
				DEBUG_INFORMATION_FORMAT = "dwarf-with-dsym";
				ENABLE_NS_ASSERTIONS = NO;
				ENABLE_STRICT_OBJC_MSGSEND = YES;
				GCC_C_LANGUAGE_STANDARD = gnu11;
				GCC_NO_COMMON_BLOCKS = YES;
				GCC_WARN_64_TO_32_BIT_CONVERSION = YES;
				GCC_WARN_ABOUT_RETURN_TYPE = YES_ERROR;
				GCC_WARN_UNDECLARED_SELECTOR = YES;
				GCC_WARN_UNINITIALIZED_AUTOS = YES_AGGRESSIVE;
				GCC_WARN_UNUSED_FUNCTION = YES;
				GCC_WARN_UNUSED_VARIABLE = YES;
				IPHONEOS_DEPLOYMENT_TARGET = 14.5;
				MTL_ENABLE_DEBUG_INFO = NO;
				MTL_FAST_MATH = YES;
				SDKROOT = iphoneos;
				SWIFT_COMPILATION_MODE = wholemodule;
				SWIFT_OPTIMIZATION_LEVEL = "-O";
				VALIDATE_PRODUCT = YES;
			};
			name = Release;
		};
		7796E5CC26A7B96A008919E8 /* Debug */ = {
			isa = XCBuildConfiguration;
			buildSettings = {
				ASSETCATALOG_COMPILER_APPICON_NAME = AppIcon;
				ASSETCATALOG_COMPILER_GLOBAL_ACCENT_COLOR_NAME = AccentColor;
				CODE_SIGN_STYLE = Automatic;
				DEVELOPMENT_TEAM = D9ACF6V5D3;
				INFOPLIST_FILE = "HopSkipDrive Test/Info.plist";
				IPHONEOS_DEPLOYMENT_TARGET = 14.1;
				LD_RUNPATH_SEARCH_PATHS = (
					"$(inherited)",
					"@executable_path/Frameworks",
				);
				PRODUCT_BUNDLE_IDENTIFIER = "BenjaminVanCleave.HopSkipDrive-Test";
				PRODUCT_NAME = "$(TARGET_NAME)";
				SWIFT_VERSION = 5.0;
				TARGETED_DEVICE_FAMILY = "1,2";
			};
			name = Debug;
		};
		7796E5CD26A7B96A008919E8 /* Release */ = {
			isa = XCBuildConfiguration;
			buildSettings = {
				ASSETCATALOG_COMPILER_APPICON_NAME = AppIcon;
				ASSETCATALOG_COMPILER_GLOBAL_ACCENT_COLOR_NAME = AccentColor;
				CODE_SIGN_STYLE = Automatic;
				DEVELOPMENT_TEAM = D9ACF6V5D3;
				INFOPLIST_FILE = "HopSkipDrive Test/Info.plist";
				IPHONEOS_DEPLOYMENT_TARGET = 14.1;
				LD_RUNPATH_SEARCH_PATHS = (
					"$(inherited)",
					"@executable_path/Frameworks",
				);
				PRODUCT_BUNDLE_IDENTIFIER = "BenjaminVanCleave.HopSkipDrive-Test";
				PRODUCT_NAME = "$(TARGET_NAME)";
				SWIFT_VERSION = 5.0;
				TARGETED_DEVICE_FAMILY = "1,2";
			};
			name = Release;
		};
		7796E5CF26A7B96A008919E8 /* Debug */ = {
			isa = XCBuildConfiguration;
			buildSettings = {
				ALWAYS_EMBED_SWIFT_STANDARD_LIBRARIES = YES;
				BUNDLE_LOADER = "$(TEST_HOST)";
				CODE_SIGN_STYLE = Automatic;
				DEVELOPMENT_TEAM = D9ACF6V5D3;
				INFOPLIST_FILE = "HopSkipDrive TestTests/Info.plist";
				IPHONEOS_DEPLOYMENT_TARGET = 14.5;
				LD_RUNPATH_SEARCH_PATHS = (
					"$(inherited)",
					"@executable_path/Frameworks",
					"@loader_path/Frameworks",
				);
				PRODUCT_BUNDLE_IDENTIFIER = "BenjaminVanCleave.HopSkipDrive-TestTests";
				PRODUCT_NAME = "$(TARGET_NAME)";
				SWIFT_VERSION = 5.0;
				TARGETED_DEVICE_FAMILY = "1,2";
				TEST_HOST = "$(BUILT_PRODUCTS_DIR)/HopSkipDrive Test.app/HopSkipDrive Test";
			};
			name = Debug;
		};
		7796E5D026A7B96A008919E8 /* Release */ = {
			isa = XCBuildConfiguration;
			buildSettings = {
				ALWAYS_EMBED_SWIFT_STANDARD_LIBRARIES = YES;
				BUNDLE_LOADER = "$(TEST_HOST)";
				CODE_SIGN_STYLE = Automatic;
				DEVELOPMENT_TEAM = D9ACF6V5D3;
				INFOPLIST_FILE = "HopSkipDrive TestTests/Info.plist";
				IPHONEOS_DEPLOYMENT_TARGET = 14.5;
				LD_RUNPATH_SEARCH_PATHS = (
					"$(inherited)",
					"@executable_path/Frameworks",
					"@loader_path/Frameworks",
				);
				PRODUCT_BUNDLE_IDENTIFIER = "BenjaminVanCleave.HopSkipDrive-TestTests";
				PRODUCT_NAME = "$(TARGET_NAME)";
				SWIFT_VERSION = 5.0;
				TARGETED_DEVICE_FAMILY = "1,2";
				TEST_HOST = "$(BUILT_PRODUCTS_DIR)/HopSkipDrive Test.app/HopSkipDrive Test";
			};
			name = Release;
		};
		7796E5D226A7B96A008919E8 /* Debug */ = {
			isa = XCBuildConfiguration;
			buildSettings = {
				ALWAYS_EMBED_SWIFT_STANDARD_LIBRARIES = YES;
				CODE_SIGN_STYLE = Automatic;
				DEVELOPMENT_TEAM = D9ACF6V5D3;
				INFOPLIST_FILE = "HopSkipDrive TestUITests/Info.plist";
				LD_RUNPATH_SEARCH_PATHS = (
					"$(inherited)",
					"@executable_path/Frameworks",
					"@loader_path/Frameworks",
				);
				PRODUCT_BUNDLE_IDENTIFIER = "BenjaminVanCleave.HopSkipDrive-TestUITests";
				PRODUCT_NAME = "$(TARGET_NAME)";
				SWIFT_VERSION = 5.0;
				TARGETED_DEVICE_FAMILY = "1,2";
				TEST_TARGET_NAME = "HopSkipDrive Test";
			};
			name = Debug;
		};
		7796E5D326A7B96A008919E8 /* Release */ = {
			isa = XCBuildConfiguration;
			buildSettings = {
				ALWAYS_EMBED_SWIFT_STANDARD_LIBRARIES = YES;
				CODE_SIGN_STYLE = Automatic;
				DEVELOPMENT_TEAM = D9ACF6V5D3;
				INFOPLIST_FILE = "HopSkipDrive TestUITests/Info.plist";
				LD_RUNPATH_SEARCH_PATHS = (
					"$(inherited)",
					"@executable_path/Frameworks",
					"@loader_path/Frameworks",
				);
				PRODUCT_BUNDLE_IDENTIFIER = "BenjaminVanCleave.HopSkipDrive-TestUITests";
				PRODUCT_NAME = "$(TARGET_NAME)";
				SWIFT_VERSION = 5.0;
				TARGETED_DEVICE_FAMILY = "1,2";
				TEST_TARGET_NAME = "HopSkipDrive Test";
			};
			name = Release;
		};
/* End XCBuildConfiguration section */

/* Begin XCConfigurationList section */
		7796E59926A7B969008919E8 /* Build configuration list for PBXProject "HopSkipDrive Test" */ = {
			isa = XCConfigurationList;
			buildConfigurations = (
				7796E5C926A7B96A008919E8 /* Debug */,
				7796E5CA26A7B96A008919E8 /* Release */,
			);
			defaultConfigurationIsVisible = 0;
			defaultConfigurationName = Release;
		};
		7796E5CB26A7B96A008919E8 /* Build configuration list for PBXNativeTarget "HopSkipDrive Test" */ = {
			isa = XCConfigurationList;
			buildConfigurations = (
				7796E5CC26A7B96A008919E8 /* Debug */,
				7796E5CD26A7B96A008919E8 /* Release */,
			);
			defaultConfigurationIsVisible = 0;
			defaultConfigurationName = Release;
		};
		7796E5CE26A7B96A008919E8 /* Build configuration list for PBXNativeTarget "HopSkipDrive TestTests" */ = {
			isa = XCConfigurationList;
			buildConfigurations = (
				7796E5CF26A7B96A008919E8 /* Debug */,
				7796E5D026A7B96A008919E8 /* Release */,
			);
			defaultConfigurationIsVisible = 0;
			defaultConfigurationName = Release;
		};
		7796E5D126A7B96A008919E8 /* Build configuration list for PBXNativeTarget "HopSkipDrive TestUITests" */ = {
			isa = XCConfigurationList;
			buildConfigurations = (
				7796E5D226A7B96A008919E8 /* Debug */,
				7796E5D326A7B96A008919E8 /* Release */,
			);
			defaultConfigurationIsVisible = 0;
			defaultConfigurationName = Release;
		};
/* End XCConfigurationList section */

/* Begin XCVersionGroup section */
		7796E5AA26A7B969008919E8 /* HopSkipDrive_Test.xcdatamodeld */ = {
			isa = XCVersionGroup;
			children = (
				7796E5AB26A7B969008919E8 /* HopSkipDrive_Test.xcdatamodel */,
			);
			currentVersion = 7796E5AB26A7B969008919E8 /* HopSkipDrive_Test.xcdatamodel */;
			path = HopSkipDrive_Test.xcdatamodeld;
			sourceTree = "<group>";
			versionGroupType = wrapper.xcdatamodel;
		};
/* End XCVersionGroup section */
	};
	rootObject = 7796E59626A7B969008919E8 /* Project object */;
}
